# This file is generated by running "yarn install" inside your project.
# Manual changes might be lost - proceed with caution!

__metadata:
  version: 8
  cacheKey: 10c0

"@colyseus/schema@npm:^1.0.28":
  version: 1.0.34
  resolution: "@colyseus/schema@npm:1.0.34"
  bin:
    schema-codegen: bin/schema-codegen
  checksum: 10c0/b0d9b500871a6e1fc256f6e3f537d35d11da66c7bd80661e011be8ce05930da1efc17ec05b59921142cf31ab719bc31139b7bf49228a9ebd9083ccb93405661e
  languageName: node
  linkType: hard

"sky-office-types@workspace:.":
  version: 0.0.0-use.local
  resolution: "sky-office-types@workspace:."
  dependencies:
    "@colyseus/schema": "npm:^1.0.28"
  languageName: unknown
  linkType: soft
